Microsoft Visual Studio Solution File, Format Version 12.00
# Visual Studio Version 16
VisualStudioVersion = 16.0.29123.88
MinimumVisualStudioVersion = 10.0.40219.1
Project("{8BC9CEB8-8B4A-11D0-8D11-00A0C91BC942}") = "Model", "Model\Model.vcxproj", "{677819B0-97DC-4CE3-8737-B21C7C78C6E8}"
EndProject
Project("{8BC9CEB8-8B4A-11D0-8D11-00A0C91BC942}") = "WeightControl", "WeightControl\WeightControl.vcxproj", "{4137DBBA-1CBF-4A01-BD08-4D8F97BB55DC}"
	ProjectSection(ProjectDependencies) = postProject
		{B3BA0547-FACB-4A48-A015-B2A34BAC8DB6} = {B3BA0547-FACB-4A48-A015-B2A34BAC8DB6}
		{41E6295B-8926-41A8-AA34-EB2461ACE736} = {41E6295B-8926-41A8-AA34-EB2461ACE736}
		{7873FA6D-DE79-401F-AA30-BA0DFD2F848B} = {7873FA6D-DE79-401F-AA30-BA0DFD2F848B}
		{DC59BA81-5A43-4172-AC17-EE2638F4C3A8} = {DC59BA81-5A43-4172-AC17-EE2638F4C3A8}
		{677819B0-97DC-4CE3-8737-B21C7C78C6E8} = {677819B0-97DC-4CE3-8737-B21C7C78C6E8}
		{6B0971EF-0237-4CC6-9630-999FF0C63F4B} = {6B0971EF-0237-4CC6-9630-999FF0C63F4B}
	EndProjectSection
EndProject
Project("{8BC9CEB8-8B4A-11D0-8D11-00A0C91BC942}") = "Controls", "Controls\Controls.vcxproj", "{DC59BA81-5A43-4172-AC17-EE2638F4C3A8}"
EndProject
Project("{8BC9CEB8-8B4A-11D0-8D11-00A0C91BC942}") = "Generated2024", "Generated2024\Generated2024.vcxproj", "{B3BA0547-FACB-4A48-A015-B2A34BAC8DB6}"
EndProject
Project("{8BC9CEB8-8B4A-11D0-8D11-00A0C91BC942}") = "XmlReader2024", "XmlReader2024\XmlReader2024.vcxproj", "{6B0971EF-0237-4CC6-9630-999FF0C63F4B}"
EndProject
Project("{8BC9CEB8-8B4A-11D0-8D11-00A0C91BC942}") = "XmlWriter2024", "XmlWriter2024\XmlWriter2024.vcxproj", "{41E6295B-8926-41A8-AA34-EB2461ACE736}"
EndProject
Project("{8BC9CEB8-8B4A-11D0-8D11-00A0C91BC942}") = "ViewModel", "ViewModel\ViewModel.vcxproj", "{7873FA6D-DE79-401F-AA30-BA0DFD2F848B}"
EndProject
Project("{8BC9CEB8-8B4A-11D0-8D11-00A0C91BC942}") = "WeightView", "WeightView\WeightView.vcxproj", "{B3574DB9-8968-41C1-8C38-75234642A117}"
EndProject
Global
	GlobalSection(SolutionConfigurationPlatforms) = preSolution
		Debug|Win32 = Debug|Win32
		Debug|x64 = Debug|x64
		Release|Win32 = Release|Win32
		Release|x64 = Release|x64
		Static Debug|Win32 = Static Debug|Win32
		Static Debug|x64 = Static Debug|x64
		Static Release|Win32 = Static Release|Win32
		Static Release|x64 = Static Release|x64
		Template|Win32 = Template|Win32
		Template|x64 = Template|x64
	EndGlobalSection
	GlobalSection(ProjectConfigurationPlatforms) = postSolution
		{677819B0-97DC-4CE3-8737-B21C7C78C6E8}.Debug|Win32.ActiveCfg = Debug|Win32
		{677819B0-97DC-4CE3-8737-B21C7C78C6E8}.Debug|Win32.Build.0 = Debug|Win32
		{677819B0-97DC-4CE3-8737-B21C7C78C6E8}.Debug|x64.ActiveCfg = Debug|Win32
		{677819B0-97DC-4CE3-8737-B21C7C78C6E8}.Release|Win32.ActiveCfg = Release|Win32
		{677819B0-97DC-4CE3-8737-B21C7C78C6E8}.Release|Win32.Build.0 = Release|Win32
		{677819B0-97DC-4CE3-8737-B21C7C78C6E8}.Release|x64.ActiveCfg = Release|Win32
		{677819B0-97DC-4CE3-8737-B21C7C78C6E8}.Static Debug|Win32.ActiveCfg = Debug|Win32
		{677819B0-97DC-4CE3-8737-B21C7C78C6E8}.Static Debug|Win32.Build.0 = Debug|Win32
		{677819B0-97DC-4CE3-8737-B21C7C78C6E8}.Static Debug|x64.ActiveCfg = Debug|Win32
		{677819B0-97DC-4CE3-8737-B21C7C78C6E8}.Static Debug|x64.Build.0 = Debug|Win32
		{677819B0-97DC-4CE3-8737-B21C7C78C6E8}.Static Release|Win32.ActiveCfg = Release|Win32
		{677819B0-97DC-4CE3-8737-B21C7C78C6E8}.Static Release|Win32.Build.0 = Release|Win32
		{677819B0-97DC-4CE3-8737-B21C7C78C6E8}.Static Release|x64.ActiveCfg = Debug|Win32
		{677819B0-97DC-4CE3-8737-B21C7C78C6E8}.Static Release|x64.Build.0 = Debug|Win32
		{677819B0-97DC-4CE3-8737-B21C7C78C6E8}.Template|Win32.ActiveCfg = Debug|Win32
		{677819B0-97DC-4CE3-8737-B21C7C78C6E8}.Template|Win32.Build.0 = Debug|Win32
		{677819B0-97DC-4CE3-8737-B21C7C78C6E8}.Template|x64.ActiveCfg = Debug|Win32
		{677819B0-97DC-4CE3-8737-B21C7C78C6E8}.Template|x64.Build.0 = Debug|Win32
		{4137DBBA-1CBF-4A01-BD08-4D8F97BB55DC}.Debug|Win32.ActiveCfg = Debug|Win32
		{4137DBBA-1CBF-4A01-BD08-4D8F97BB55DC}.Debug|Win32.Build.0 = Debug|Win32
		{4137DBBA-1CBF-4A01-BD08-4D8F97BB55DC}.Debug|x64.ActiveCfg = Debug|Win32
		{4137DBBA-1CBF-4A01-BD08-4D8F97BB55DC}.Release|Win32.ActiveCfg = Release|Win32
		{4137DBBA-1CBF-4A01-BD08-4D8F97BB55DC}.Release|Win32.Build.0 = Release|Win32
		{4137DBBA-1CBF-4A01-BD08-4D8F97BB55DC}.Release|x64.ActiveCfg = Release|Win32
		{4137DBBA-1CBF-4A01-BD08-4D8F97BB55DC}.Static Debug|Win32.ActiveCfg = Debug|Win32
		{4137DBBA-1CBF-4A01-BD08-4D8F97BB55DC}.Static Debug|Win32.Build.0 = Debug|Win32
		{4137DBBA-1CBF-4A01-BD08-4D8F97BB55DC}.Static Debug|x64.ActiveCfg = Debug|Win32
		{4137DBBA-1CBF-4A01-BD08-4D8F97BB55DC}.Static Debug|x64.Build.0 = Debug|Win32
		{4137DBBA-1CBF-4A01-BD08-4D8F97BB55DC}.Static Release|Win32.ActiveCfg = Release|Win32
		{4137DBBA-1CBF-4A01-BD08-4D8F97BB55DC}.Static Release|Win32.Build.0 = Release|Win32
		{4137DBBA-1CBF-4A01-BD08-4D8F97BB55DC}.Static Release|x64.ActiveCfg = Debug|Win32
		{4137DBBA-1CBF-4A01-BD08-4D8F97BB55DC}.Static Release|x64.Build.0 = Debug|Win32
		{4137DBBA-1CBF-4A01-BD08-4D8F97BB55DC}.Template|Win32.ActiveCfg = Debug|Win32
		{4137DBBA-1CBF-4A01-BD08-4D8F97BB55DC}.Template|Win32.Build.0 = Debug|Win32
		{4137DBBA-1CBF-4A01-BD08-4D8F97BB55DC}.Template|x64.ActiveCfg = Debug|Win32
		{4137DBBA-1CBF-4A01-BD08-4D8F97BB55DC}.Template|x64.Build.0 = Debug|Win32
		{DC59BA81-5A43-4172-AC17-EE2638F4C3A8}.Debug|Win32.ActiveCfg = Debug|Win32
		{DC59BA81-5A43-4172-AC17-EE2638F4C3A8}.Debug|Win32.Build.0 = Debug|Win32
		{DC59BA81-5A43-4172-AC17-EE2638F4C3A8}.Debug|x64.ActiveCfg = Debug|x64
		{DC59BA81-5A43-4172-AC17-EE2638F4C3A8}.Debug|x64.Build.0 = Debug|x64
		{DC59BA81-5A43-4172-AC17-EE2638F4C3A8}.Release|Win32.ActiveCfg = Release|Win32
		{DC59BA81-5A43-4172-AC17-EE2638F4C3A8}.Release|Win32.Build.0 = Release|Win32
		{DC59BA81-5A43-4172-AC17-EE2638F4C3A8}.Release|x64.ActiveCfg = Release|x64
		{DC59BA81-5A43-4172-AC17-EE2638F4C3A8}.Release|x64.Build.0 = Release|x64
		{DC59BA81-5A43-4172-AC17-EE2638F4C3A8}.Static Debug|Win32.ActiveCfg = Debug|Win32
		{DC59BA81-5A43-4172-AC17-EE2638F4C3A8}.Static Debug|Win32.Build.0 = Debug|Win32
		{DC59BA81-5A43-4172-AC17-EE2638F4C3A8}.Static Debug|x64.ActiveCfg = Debug|x64
		{DC59BA81-5A43-4172-AC17-EE2638F4C3A8}.Static Debug|x64.Build.0 = Debug|x64
		{DC59BA81-5A43-4172-AC17-EE2638F4C3A8}.Static Release|Win32.ActiveCfg = Release|Win32
		{DC59BA81-5A43-4172-AC17-EE2638F4C3A8}.Static Release|Win32.Build.0 = Release|Win32
		{DC59BA81-5A43-4172-AC17-EE2638F4C3A8}.Static Release|x64.ActiveCfg = Release|x64
		{DC59BA81-5A43-4172-AC17-EE2638F4C3A8}.Static Release|x64.Build.0 = Release|x64
		{DC59BA81-5A43-4172-AC17-EE2638F4C3A8}.Template|Win32.ActiveCfg = Debug|Win32
		{DC59BA81-5A43-4172-AC17-EE2638F4C3A8}.Template|Win32.Build.0 = Debug|Win32
		{DC59BA81-5A43-4172-AC17-EE2638F4C3A8}.Template|x64.ActiveCfg = Debug|x64
		{DC59BA81-5A43-4172-AC17-EE2638F4C3A8}.Template|x64.Build.0 = Debug|x64
		{B3BA0547-FACB-4A48-A015-B2A34BAC8DB6}.Debug|Win32.ActiveCfg = Debug|Win32
		{B3BA0547-FACB-4A48-A015-B2A34BAC8DB6}.Debug|Win32.Build.0 = Debug|Win32
		{B3BA0547-FACB-4A48-A015-B2A34BAC8DB6}.Debug|x64.ActiveCfg = Debug|x64
		{B3BA0547-FACB-4A48-A015-B2A34BAC8DB6}.Debug|x64.Build.0 = Debug|x64
		{B3BA0547-FACB-4A48-A015-B2A34BAC8DB6}.Release|Win32.ActiveCfg = Release|Win32
		{B3BA0547-FACB-4A48-A015-B2A34BAC8DB6}.Release|Win32.Build.0 = Release|Win32
		{B3BA0547-FACB-4A48-A015-B2A34BAC8DB6}.Release|x64.ActiveCfg = Release|x64
		{B3BA0547-FACB-4A48-A015-B2A34BAC8DB6}.Release|x64.Build.0 = Release|x64
		{B3BA0547-FACB-4A48-A015-B2A34BAC8DB6}.Static Debug|Win32.ActiveCfg = Debug|Win32
		{B3BA0547-FACB-4A48-A015-B2A34BAC8DB6}.Static Debug|Win32.Build.0 = Debug|Win32
		{B3BA0547-FACB-4A48-A015-B2A34BAC8DB6}.Static Debug|x64.ActiveCfg = Debug|x64
		{B3BA0547-FACB-4A48-A015-B2A34BAC8DB6}.Static Debug|x64.Build.0 = Debug|x64
		{B3BA0547-FACB-4A48-A015-B2A34BAC8DB6}.Static Release|Win32.ActiveCfg = Release|Win32
		{B3BA0547-FACB-4A48-A015-B2A34BAC8DB6}.Static Release|Win32.Build.0 = Release|Win32
		{B3BA0547-FACB-4A48-A015-B2A34BAC8DB6}.Static Release|x64.ActiveCfg = Release|x64
		{B3BA0547-FACB-4A48-A015-B2A34BAC8DB6}.Static Release|x64.Build.0 = Release|x64
		{B3BA0547-FACB-4A48-A015-B2A34BAC8DB6}.Template|Win32.ActiveCfg = Debug|Win32
		{B3BA0547-FACB-4A48-A015-B2A34BAC8DB6}.Template|Win32.Build.0 = Debug|Win32
		{B3BA0547-FACB-4A48-A015-B2A34BAC8DB6}.Template|x64.ActiveCfg = Debug|x64
		{B3BA0547-FACB-4A48-A015-B2A34BAC8DB6}.Template|x64.Build.0 = Debug|x64
		{6B0971EF-0237-4CC6-9630-999FF0C63F4B}.Debug|Win32.ActiveCfg = Debug|Win32
		{6B0971EF-0237-4CC6-9630-999FF0C63F4B}.Debug|Win32.Build.0 = Debug|Win32
		{6B0971EF-0237-4CC6-9630-999FF0C63F4B}.Debug|x64.ActiveCfg = Debug|x64
		{6B0971EF-0237-4CC6-9630-999FF0C63F4B}.Debug|x64.Build.0 = Debug|x64
		{6B0971EF-0237-4CC6-9630-999FF0C63F4B}.Release|Win32.ActiveCfg = Release|Win32
		{6B0971EF-0237-4CC6-9630-999FF0C63F4B}.Release|Win32.Build.0 = Release|Win32
		{6B0971EF-0237-4CC6-9630-999FF0C63F4B}.Release|x64.ActiveCfg = Release|x64
		{6B0971EF-0237-4CC6-9630-999FF0C63F4B}.Release|x64.Build.0 = Release|x64
		{6B0971EF-0237-4CC6-9630-999FF0C63F4B}.Static Debug|Win32.ActiveCfg = Debug|Win32
		{6B0971EF-0237-4CC6-9630-999FF0C63F4B}.Static Debug|Win32.Build.0 = Debug|Win32
		{6B0971EF-0237-4CC6-9630-999FF0C63F4B}.Static Debug|x64.ActiveCfg = Debug|x64
		{6B0971EF-0237-4CC6-9630-999FF0C63F4B}.Static Debug|x64.Build.0 = Debug|x64
		{6B0971EF-0237-4CC6-9630-999FF0C63F4B}.Static Release|Win32.ActiveCfg = Release|Win32
		{6B0971EF-0237-4CC6-9630-999FF0C63F4B}.Static Release|Win32.Build.0 = Release|Win32
		{6B0971EF-0237-4CC6-9630-999FF0C63F4B}.Static Release|x64.ActiveCfg = Release|x64
		{6B0971EF-0237-4CC6-9630-999FF0C63F4B}.Static Release|x64.Build.0 = Release|x64
		{6B0971EF-0237-4CC6-9630-999FF0C63F4B}.Template|Win32.ActiveCfg = Debug|Win32
		{6B0971EF-0237-4CC6-9630-999FF0C63F4B}.Template|Win32.Build.0 = Debug|Win32
		{6B0971EF-0237-4CC6-9630-999FF0C63F4B}.Template|x64.ActiveCfg = Debug|x64
		{6B0971EF-0237-4CC6-9630-999FF0C63F4B}.Template|x64.Build.0 = Debug|x64
		{41E6295B-8926-41A8-AA34-EB2461ACE736}.Debug|Win32.ActiveCfg = Debug|Win32
		{41E6295B-8926-41A8-AA34-EB2461ACE736}.Debug|Win32.Build.0 = Debug|Win32
		{41E6295B-8926-41A8-AA34-EB2461ACE736}.Debug|x64.ActiveCfg = Debug|x64
		{41E6295B-8926-41A8-AA34-EB2461ACE736}.Debug|x64.Build.0 = Debug|x64
		{41E6295B-8926-41A8-AA34-EB2461ACE736}.Release|Win32.ActiveCfg = Release|Win32
		{41E6295B-8926-41A8-AA34-EB2461ACE736}.Release|Win32.Build.0 = Release|Win32
		{41E6295B-8926-41A8-AA34-EB2461ACE736}.Release|x64.ActiveCfg = Release|x64
		{41E6295B-8926-41A8-AA34-EB2461ACE736}.Release|x64.Build.0 = Release|x64
		{41E6295B-8926-41A8-AA34-EB2461ACE736}.Static Debug|Win32.ActiveCfg = Debug|Win32
		{41E6295B-8926-41A8-AA34-EB2461ACE736}.Static Debug|Win32.Build.0 = Debug|Win32
		{41E6295B-8926-41A8-AA34-EB2461ACE736}.Static Debug|x64.ActiveCfg = Debug|x64
		{41E6295B-8926-41A8-AA34-EB2461ACE736}.Static Debug|x64.Build.0 = Debug|x64
		{41E6295B-8926-41A8-AA34-EB2461ACE736}.Static Release|Win32.ActiveCfg = Release|Win32
		{41E6295B-8926-41A8-AA34-EB2461ACE736}.Static Release|Win32.Build.0 = Release|Win32
		{41E6295B-8926-41A8-AA34-EB2461ACE736}.Static Release|x64.ActiveCfg = Release|x64
		{41E6295B-8926-41A8-AA34-EB2461ACE736}.Static Release|x64.Build.0 = Release|x64
		{41E6295B-8926-41A8-AA34-EB2461ACE736}.Template|Win32.ActiveCfg = Debug|Win32
		{41E6295B-8926-41A8-AA34-EB2461ACE736}.Template|Win32.Build.0 = Debug|Win32
		{41E6295B-8926-41A8-AA34-EB2461ACE736}.Template|x64.ActiveCfg = Debug|x64
		{41E6295B-8926-41A8-AA34-EB2461ACE736}.Template|x64.Build.0 = Debug|x64
		{7873FA6D-DE79-401F-AA30-BA0DFD2F848B}.Debug|Win32.ActiveCfg = Debug|Win32
		{7873FA6D-DE79-401F-AA30-BA0DFD2F848B}.Debug|Win32.Build.0 = Debug|Win32
		{7873FA6D-DE79-401F-AA30-BA0DFD2F848B}.Debug|x64.ActiveCfg = Debug|x64
		{7873FA6D-DE79-401F-AA30-BA0DFD2F848B}.Debug|x64.Build.0 = Debug|x64
		{7873FA6D-DE79-401F-AA30-BA0DFD2F848B}.Release|Win32.ActiveCfg = Release|Win32
		{7873FA6D-DE79-401F-AA30-BA0DFD2F848B}.Release|Win32.Build.0 = Release|Win32
		{7873FA6D-DE79-401F-AA30-BA0DFD2F848B}.Release|x64.ActiveCfg = Release|x64
		{7873FA6D-DE79-401F-AA30-BA0DFD2F848B}.Release|x64.Build.0 = Release|x64
		{7873FA6D-DE79-401F-AA30-BA0DFD2F848B}.Static Debug|Win32.ActiveCfg = Debug|Win32
		{7873FA6D-DE79-401F-AA30-BA0DFD2F848B}.Static Debug|Win32.Build.0 = Debug|Win32
		{7873FA6D-DE79-401F-AA30-BA0DFD2F848B}.Static Debug|x64.ActiveCfg = Debug|x64
		{7873FA6D-DE79-401F-AA30-BA0DFD2F848B}.Static Debug|x64.Build.0 = Debug|x64
		{7873FA6D-DE79-401F-AA30-BA0DFD2F848B}.Static Release|Win32.ActiveCfg = Release|Win32
		{7873FA6D-DE79-401F-AA30-BA0DFD2F848B}.Static Release|Win32.Build.0 = Release|Win32
		{7873FA6D-DE79-401F-AA30-BA0DFD2F848B}.Static Release|x64.ActiveCfg = Release|x64
		{7873FA6D-DE79-401F-AA30-BA0DFD2F848B}.Static Release|x64.Build.0 = Release|x64
		{7873FA6D-DE79-401F-AA30-BA0DFD2F848B}.Template|Win32.ActiveCfg = Debug|Win32
		{7873FA6D-DE79-401F-AA30-BA0DFD2F848B}.Template|Win32.Build.0 = Debug|Win32
		{7873FA6D-DE79-401F-AA30-BA0DFD2F848B}.Template|x64.ActiveCfg = Debug|x64
		{7873FA6D-DE79-401F-AA30-BA0DFD2F848B}.Template|x64.Build.0 = Debug|x64
		{B3574DB9-8968-41C1-8C38-75234642A117}.Debug|Win32.ActiveCfg = Debug|Win32
		{B3574DB9-8968-41C1-8C38-75234642A117}.Debug|Win32.Build.0 = Debug|Win32
		{B3574DB9-8968-41C1-8C38-75234642A117}.Debug|x64.ActiveCfg = Debug|x64
		{B3574DB9-8968-41C1-8C38-75234642A117}.Debug|x64.Build.0 = Debug|x64
		{B3574DB9-8968-41C1-8C38-75234642A117}.Release|Win32.ActiveCfg = Release|Win32
		{B3574DB9-8968-41C1-8C38-75234642A117}.Release|Win32.Build.0 = Release|Win32
		{B3574DB9-8968-41C1-8C38-75234642A117}.Release|x64.ActiveCfg = Release|x64
		{B3574DB9-8968-41C1-8C38-75234642A117}.Release|x64.Build.0 = Release|x64
		{B3574DB9-8968-41C1-8C38-75234642A117}.Static Debug|Win32.ActiveCfg = Debug|Win32
		{B3574DB9-8968-41C1-8C38-75234642A117}.Static Debug|Win32.Build.0 = Debug|Win32
		{B3574DB9-8968-41C1-8C38-75234642A117}.Static Debug|x64.ActiveCfg = Debug|x64
		{B3574DB9-8968-41C1-8C38-75234642A117}.Static Debug|x64.Build.0 = Debug|x64
		{B3574DB9-8968-41C1-8C38-75234642A117}.Static Release|Win32.ActiveCfg = Release|Win32
		{B3574DB9-8968-41C1-8C38-75234642A117}.Static Release|Win32.Build.0 = Release|Win32
		{B3574DB9-8968-41C1-8C38-75234642A117}.Static Release|x64.ActiveCfg = Release|x64
		{B3574DB9-8968-41C1-8C38-75234642A117}.Static Release|x64.Build.0 = Release|x64
		{B3574DB9-8968-41C1-8C38-75234642A117}.Template|Win32.ActiveCfg = Debug|Win32
		{B3574DB9-8968-41C1-8C38-75234642A117}.Template|Win32.Build.0 = Debug|Win32
		{B3574DB9-8968-41C1-8C38-75234642A117}.Template|x64.ActiveCfg = Debug|x64
		{B3574DB9-8968-41C1-8C38-75234642A117}.Template|x64.Build.0 = Debug|x64
	EndGlobalSection
	GlobalSection(SolutionProperties) = preSolution
		HideSolutionNode = FALSE
	EndGlobalSection
	GlobalSection(ExtensibilityGlobals) = postSolution
		SolutionGuid = {E3B52F95-BC39-4323-87F7-4C608E4B3F6E}
	EndGlobalSection
EndGlobal
